
Microsoft Visual Studio Solution File, Format Version 12.00
# Visual Studio Version 17
VisualStudioVersion = 17.5.001.0
MinimumVisualStudioVersion = 10.0.40219.1
Project("{9A19103F-16F7-4668-BE54-9A1E7A4F7556}") = "chapter2", "chapter2.csproj", "{B5C89E04-57AD-4C8D-80EC-8DFDB8887D33}"
EndProject
Global
	GlobalSection(SolutionConfigurationPlatforms) = preSolution
		Debug|Any CPU = Debug|Any CPU
		Release|Any CPU = Release|Any CPU
	EndGlobalSection
	GlobalSection(ProjectConfigurationPlatforms) = postSolution
		{B5C89E04-57AD-4C8D-80EC-8DFDB8887D33}.Debug|Any CPU.ActiveCfg = Debug|Any CPU
		{B5C89E04-57AD-4C8D-80EC-8DFDB8887D33}.Debug|Any CPU.Build.0 = Debug|Any CPU
		{B5C89E04-57AD-4C8D-80EC-8DFDB8887D33}.Release|Any CPU.ActiveCfg = Release|Any CPU
		{B5C89E04-57AD-4C8D-80EC-8DFDB8887D33}.Release|Any CPU.Build.0 = Release|Any CPU
	EndGlobalSection
	GlobalSection(SolutionProperties) = preSolution
		HideSolutionNode = FALSE
	EndGlobalSection
	GlobalSection(ExtensibilityGlobals) = postSolution
		SolutionGuid = {5554F268-F347-4A4D-8CB4-A0EF652AF35E}
	EndGlobalSection
EndGlobal
